{
  "object": {
    "pins": [
      {
        "package": "CoreExtensions",
        "repositoryURL": "https://github.com/aetherealtech/SwiftCoreExtensions.git",
        "state": {
          "branch": "master",
          "revision": "fcea23b97da54862a6bb6ebe0808d66acc8817f5",
          "version": null
        }
      },
      {
        "package": "EventStreams",
        "repositoryURL": "https://github.com/aetherealtech/SwiftEventStreams.git",
        "state": {
          "branch": "master",
          "revision": "7f2790918dbe5bfa2e3a9cf341e1b052606ace7a",
          "version": null
        }
      },
      {
        "package": "Observer",
        "repositoryURL": "https://github.com/aetherealtech/SwiftObserver.git",
        "state": {
          "branch": "master",
          "revision": "596f431f0561e7ea59b81c17ae1bf11c1d56084e",
          "version": null
        }
      },
      {
        "package": "Scheduling",
        "repositoryURL": "https://github.com/aetherealtech/SwiftScheduling.git",
        "state": {
          "branch": "master",
          "revision": "fda79bde1bb177c625e8d54d8fbc086382532bf8",
          "version": null
        }
      }
    ]
  },
  "version": 1
}
